<?xml version="1.0" encoding="utf-8"?>
<Project ToolsVersion="4.0" xmlns="http://schemas.microsoft.com/developer/msbuild/2003">
  <ItemGroup>
    <Filter Include="Source Files">
      <UniqueIdentifier>{4FC737F1-C7A5-4376-A066-2A32D752A2FF}</UniqueIdentifier>
      <Extensions>qml;cpp;c;cc;cxx;def;odl;idl;hpj;bat;asm;asmx</Extensions>
    </Filter>
    <Filter Include="Header Files">
      <UniqueIdentifier>{93995380-89BD-4b04-88EB-625FBE52EBFB}</UniqueIdentifier>
      <Extensions>h;hh;hpp;hxx;hm;inl;inc;xsd</Extensions>
    </Filter>
    <Filter Include="Resource Files">
      <UniqueIdentifier>{67DA6AB6-F800-4c08-8B7A-83BB121AAD01}</UniqueIdentifier>
      <Extensions>qrc;rc;ico;cur;bmp;dlg;rc2;rct;bin;rgs;gif;jpg;jpeg;jpe;resx;tiff;tif;png;wav;mfcribbon-ms</Extensions>
    </Filter>
    <Filter Include="Form Files">
      <UniqueIdentifier>{99349809-55BA-4b9d-BF79-8FDBB0286EB3}</UniqueIdentifier>
      <Extensions>ui</Extensions>
    </Filter>
    <Filter Include="Translation Files">
      <UniqueIdentifier>{639EADAA-A684-42e4-A9AD-28FC9BCB8F7C}</UniqueIdentifier>
      <Extensions>ts</Extensions>
    </Filter>
  </ItemGroup>
  <ItemGroup>
    <ClCompile Include="HxNxToolkit.cpp">
      <Filter>Source Files</Filter>
    </ClCompile>
    <ClCompile Include="main.cpp">
      <Filter>Source Files</Filter>
    </ClCompile>
    <ClCompile Include="General\BaseConverter.cpp">
      <Filter>Source Files</Filter>
    </ClCompile>
    <ClCompile Include="UI\Tab.cpp">
      <Filter>Source Files</Filter>
    </ClCompile>
    <ClCompile Include="General\Calculator.cpp">
      <Filter>Source Files</Filter>
    </ClCompile>
    <ClCompile Include="Time\Stopwatch.cpp">
      <Filter>Source Files</Filter>
    </ClCompile>
    <ClCompile Include="Time\Timer.cpp">
      <Filter>Source Files</Filter>
    </ClCompile>
    <ClCompile Include="Productivity\Checklist\Checklist.cpp">
      <Filter>Source Files</Filter>
    </ClCompile>
    <ClCompile Include="Productivity\Checklist\ChecklistEntry.cpp">
      <Filter>Source Files</Filter>
    </ClCompile>
    <ClCompile Include="Util\Time.cpp">
      <Filter>Source Files</Filter>
    </ClCompile>
    <ClCompile Include="Productivity\TaskTracker\TaskTracker.cpp">
      <Filter>Source Files</Filter>
    </ClCompile>
    <ClCompile Include="Productivity\TaskTracker\TaskTrackerEntry.cpp">
      <Filter>Source Files</Filter>
    </ClCompile>
    <ClCompile Include="UI\Component.cpp">
      <Filter>Source Files</Filter>
    </ClCompile>
    <ClCompile Include="Util\Settings.cpp">
      <Filter>Source Files</Filter>
    </ClCompile>
    <ClCompile Include="Random\RandomNumber.cpp">
      <Filter>Source Files</Filter>
    </ClCompile>
    <ClCompile Include="Random\RandomString.cpp">
      <Filter>Source Files</Filter>
    </ClCompile>
    <ClCompile Include="UI\ComponentFactory.cpp">
      <Filter>Source Files</Filter>
    </ClCompile>
    <ClCompile Include="App\SettingsWindow.cpp">
      <Filter>Source Files</Filter>
    </ClCompile>
    <ClCompile Include="Filesystem\FileSearch.cpp">
      <Filter>Source Files</Filter>
    </ClCompile>
  </ItemGroup>
  <ItemGroup>
    <QtMoc Include="HxNxToolkit.h">
      <Filter>Header Files</Filter>
    </QtMoc>
    <QtMoc Include="General\BaseConverter.h">
      <Filter>Header Files</Filter>
    </QtMoc>
    <QtMoc Include="UI\Tab.h">
      <Filter>Header Files</Filter>
    </QtMoc>
    <QtMoc Include="General\Calculator.h">
      <Filter>Header Files</Filter>
    </QtMoc>
    <QtMoc Include="Time\Stopwatch.h">
      <Filter>Header Files</Filter>
    </QtMoc>
    <QtMoc Include="Time\Timer.h">
      <Filter>Header Files</Filter>
    </QtMoc>
    <QtMoc Include="Productivity\Checklist\Checklist.h">
      <Filter>Header Files</Filter>
    </QtMoc>
    <QtMoc Include="Productivity\Checklist\ChecklistEntry.h">
      <Filter>Header Files</Filter>
    </QtMoc>
    <QtMoc Include="Productivity\TaskTracker\TaskTracker.h">
      <Filter>Header Files</Filter>
    </QtMoc>
    <QtMoc Include="Productivity\TaskTracker\TaskTrackerEntry.h">
      <Filter>Header Files</Filter>
    </QtMoc>
    <QtMoc Include="UI\Component.h">
      <Filter>Header Files</Filter>
    </QtMoc>
    <QtMoc Include="Random\RandomNumber.h">
      <Filter>Header Files</Filter>
    </QtMoc>
    <QtMoc Include="Random\RandomString.h">
      <Filter>Header Files</Filter>
    </QtMoc>
    <QtMoc Include="App\SettingsWindow.h">
      <Filter>Header Files</Filter>
    </QtMoc>
    <QtMoc Include="Filesystem\FileSearch.h">
      <Filter>Header Files</Filter>
    </QtMoc>
  </ItemGroup>
  <ItemGroup>
    <QtUic Include="HxNxToolkit.ui">
      <Filter>Form Files</Filter>
    </QtUic>
    <QtUic Include="General\BaseConverter.ui">
      <Filter>Form Files</Filter>
    </QtUic>
    <QtUic Include="UI\Tab.ui">
      <Filter>Form Files</Filter>
    </QtUic>
    <QtUic Include="General\Calculator.ui">
      <Filter>Form Files</Filter>
    </QtUic>
    <QtUic Include="Time\Stopwatch.ui">
      <Filter>Form Files</Filter>
    </QtUic>
    <QtUic Include="Time\Timer.ui">
      <Filter>Form Files</Filter>
    </QtUic>
    <QtUic Include="Productivity\Checklist\Checklist.ui">
      <Filter>Form Files</Filter>
    </QtUic>
    <QtUic Include="Productivity\Checklist\ChecklistEntry.ui">
      <Filter>Form Files</Filter>
    </QtUic>
    <QtUic Include="Productivity\TaskTracker\TaskTracker.ui">
      <Filter>Form Files</Filter>
    </QtUic>
    <QtUic Include="Productivity\TaskTracker\TaskTrackerEntry.ui">
      <Filter>Form Files</Filter>
    </QtUic>
    <QtUic Include="Random\RandomNumber.ui">
      <Filter>Form Files</Filter>
    </QtUic>
    <QtUic Include="Random\RandomString.ui">
      <Filter>Form Files</Filter>
    </QtUic>
    <QtUic Include="App\SettingsWindow.ui">
      <Filter>Form Files</Filter>
    </QtUic>
    <QtUic Include="Filesystem\FileSearch.ui">
      <Filter>Form Files</Filter>
    </QtUic>
  </ItemGroup>
  <ItemGroup>
    <ClInclude Include="Util\Time.h">
      <Filter>Header Files</Filter>
    </ClInclude>
    <ClInclude Include="Enums\ToolType.h">
      <Filter>Header Files</Filter>
    </ClInclude>
    <ClInclude Include="Util\Settings.h">
      <Filter>Header Files</Filter>
    </ClInclude>
    <ClInclude Include="UI\ComponentFactory.h">
      <Filter>Header Files</Filter>
    </ClInclude>
    <ClInclude Include="JSON\Serialization.h">
      <Filter>Header Files</Filter>
    </ClInclude>
    <ClInclude Include="resource.h">
      <Filter>Header Files</Filter>
    </ClInclude>
  </ItemGroup>
  <ItemGroup>
    <QtRcc Include="Assets\Resources.qrc">
      <Filter>Resource Files</Filter>
    </QtRcc>
  </ItemGroup>
  <ItemGroup>
    <ResourceCompile Include="HxNxToolkit.rc">
      <Filter>Resource Files</Filter>
    </ResourceCompile>
  </ItemGroup>
  <ItemGroup>
    <Image Include="Assets\icon-app.ico">
      <Filter>Resource Files</Filter>
    </Image>
  </ItemGroup>
</Project>