
Microsoft Visual Studio Solution File, Format Version 12.00
# Visual Studio Version 17
VisualStudioVersion = 17.8.34330.188
MinimumVisualStudioVersion = 10.0.40219.1
Project("{8BC9CEB8-8B4A-11D0-8D11-00A0C91BC942}") = "HxNxToolkit", "HxNxToolkit.vcxproj", "{0938D542-A05A-4FB9-B039-F70D06518687}"
EndProject
Project("{2150E333-8FDC-42A3-9474-1A3956D46DE8}") = "3rdParty", "3rdParty", "{83AE19E7-8BC8-453F-A1F9-6D5100999497}"
EndProject
Project("{8BC9CEB8-8B4A-11D0-8D11-00A0C91BC942}") = "tinyexpr", "3rdParty\tinyexpr\tinyexpr.vcxproj", "{5CFE6BBF-9C74-40B0-B065-1FAF1D9ED7BA}"
EndProject
Global
	GlobalSection(SolutionConfigurationPlatforms) = preSolution
		Debug|x64 = Debug|x64
		Debug|x86 = Debug|x86
		Release|x64 = Release|x64
		Release|x86 = Release|x86
	EndGlobalSection
	GlobalSection(ProjectConfigurationPlatforms) = postSolution
		{0938D542-A05A-4FB9-B039-F70D06518687}.Debug|x64.ActiveCfg = Debug|x64
		{0938D542-A05A-4FB9-B039-F70D06518687}.Debug|x64.Build.0 = Debug|x64
		{0938D542-A05A-4FB9-B039-F70D06518687}.Debug|x86.ActiveCfg = Debug|x64
		{0938D542-A05A-4FB9-B039-F70D06518687}.Debug|x86.Build.0 = Debug|x64
		{0938D542-A05A-4FB9-B039-F70D06518687}.Release|x64.ActiveCfg = Release|x64
		{0938D542-A05A-4FB9-B039-F70D06518687}.Release|x64.Build.0 = Release|x64
		{0938D542-A05A-4FB9-B039-F70D06518687}.Release|x86.ActiveCfg = Release|x64
		{0938D542-A05A-4FB9-B039-F70D06518687}.Release|x86.Build.0 = Release|x64
		{5CFE6BBF-9C74-40B0-B065-1FAF1D9ED7BA}.Debug|x64.ActiveCfg = Debug|x64
		{5CFE6BBF-9C74-40B0-B065-1FAF1D9ED7BA}.Debug|x64.Build.0 = Debug|x64
		{5CFE6BBF-9C74-40B0-B065-1FAF1D9ED7BA}.Debug|x86.ActiveCfg = Debug|Win32
		{5CFE6BBF-9C74-40B0-B065-1FAF1D9ED7BA}.Debug|x86.Build.0 = Debug|Win32
		{5CFE6BBF-9C74-40B0-B065-1FAF1D9ED7BA}.Release|x64.ActiveCfg = Release|x64
		{5CFE6BBF-9C74-40B0-B065-1FAF1D9ED7BA}.Release|x64.Build.0 = Release|x64
		{5CFE6BBF-9C74-40B0-B065-1FAF1D9ED7BA}.Release|x86.ActiveCfg = Release|Win32
		{5CFE6BBF-9C74-40B0-B065-1FAF1D9ED7BA}.Release|x86.Build.0 = Release|Win32
	EndGlobalSection
	GlobalSection(SolutionProperties) = preSolution
		HideSolutionNode = FALSE
	EndGlobalSection
	GlobalSection(NestedProjects) = preSolution
		{5CFE6BBF-9C74-40B0-B065-1FAF1D9ED7BA} = {83AE19E7-8BC8-453F-A1F9-6D5100999497}
	EndGlobalSection
	GlobalSection(ExtensibilityGlobals) = postSolution
		SolutionGuid = {AF16A819-0A70-4CBE-909F-98D83E6E23CD}
	EndGlobalSection
EndGlobal
